
Microsoft Visual Studio Solution File, Format Version 12.00
# Visual Studio Version 17
VisualStudioVersion = 17.0.32014.148
MinimumVisualStudioVersion = 10.0.40219.1
Project("{8BC9CEB8-8B4A-11D0-8D11-00A0C91BC942}") = "nkr", "nkr\nkr.vcxproj", "{260DD159-A788-4BBB-9690-628AA81AAA9C}"
EndProject
Project("{8BC9CEB8-8B4A-11D0-8D11-00A0C91BC942}") = "doctest", "doctest\doctest.vcxproj", "{8C1DDCAD-1148-45E7-B63E-D1225AD747AD}"
EndProject
Project("{8BC9CEB8-8B4A-11D0-8D11-00A0C91BC942}") = "nkr_test_allocator", "nkr_tests\allocator\allocator.vcxproj", "{3F9C5C4A-F435-474A-86E0-E4ED124643C1}"
EndProject
Project("{8BC9CEB8-8B4A-11D0-8D11-00A0C91BC942}") = "nkr_test_atomic_t", "nkr_tests\atomic_t\atomic_t.vcxproj", "{75BE08F0-0FE6-46D1-B906-817D43D2EA69}"
EndProject
Project("{8BC9CEB8-8B4A-11D0-8D11-00A0C91BC942}") = "nkr_test_os", "nkr_tests\os\os.vcxproj", "{0307C110-E23D-4778-B682-785687144AC0}"
EndProject
Project("{8BC9CEB8-8B4A-11D0-8D11-00A0C91BC942}") = "nkr_test_pointer_t", "nkr_tests\pointer_t\pointer_t.vcxproj", "{6E93A0B2-0DD3-47CA-9464-690A9C084D10}"
EndProject
Project("{8BC9CEB8-8B4A-11D0-8D11-00A0C91BC942}") = "nkr_test_charcoder", "nkr_tests\charcoder\charcoder.vcxproj", "{5624F252-7F9D-475E-886D-28FDAC1E8FD2}"
EndProject
Project("{8BC9CEB8-8B4A-11D0-8D11-00A0C91BC942}") = "nkr_test_maybe_t", "nkr_tests\maybe_t\maybe_t.vcxproj", "{B314D870-C562-4EDB-AAFF-D52A3E2EC22A}"
EndProject
Project("{8BC9CEB8-8B4A-11D0-8D11-00A0C91BC942}") = "nkr_test_array", "nkr_tests\array\array.vcxproj", "{ACC09BB6-FB5C-4F0E-8708-BD5E74A76F3F}"
EndProject
Project("{8BC9CEB8-8B4A-11D0-8D11-00A0C91BC942}") = "nkr_test_number", "nkr_tests\number\number.vcxproj", "{52EA0215-F27F-482E-B6C7-262A8DFED009}"
EndProject
Project("{8BC9CEB8-8B4A-11D0-8D11-00A0C91BC942}") = "nkr_test_utils", "nkr_tests\utils\utils.vcxproj", "{C7E8D611-B08B-4FFC-BF57-3717A70E42D9}"
EndProject
Project("{8BC9CEB8-8B4A-11D0-8D11-00A0C91BC942}") = "nkr_test_string", "nkr_tests\string\string.vcxproj", "{03FF86BF-07B3-43DA-9BDC-934B8590FA8B}"
EndProject
Project("{8BC9CEB8-8B4A-11D0-8D11-00A0C91BC942}") = "nkr_test_enumeration", "nkr_tests\enumeration\enumeration.vcxproj", "{2FFBE437-87B2-4F0E-96AA-0E32725B18DE}"
EndProject
Project("{8BC9CEB8-8B4A-11D0-8D11-00A0C91BC942}") = "nkr_test_math", "nkr_tests\math\math.vcxproj", "{8140498B-F835-43C2-A76F-D0993FBC94BC}"
EndProject
Project("{8BC9CEB8-8B4A-11D0-8D11-00A0C91BC942}") = "nkr_test_regex_t", "nkr_tests\regex_t\regex_t.vcxproj", "{8DFBE336-348E-472E-9CE5-5303B199116F}"
EndProject
Project("{8BC9CEB8-8B4A-11D0-8D11-00A0C91BC942}") = "nkr_test_hasher", "nkr_tests\hasher\hasher.vcxproj", "{F52472CC-2927-453B-9408-278575334525}"
EndProject
Project("{8BC9CEB8-8B4A-11D0-8D11-00A0C91BC942}") = "nkr_test_tree", "nkr_tests\tree\tree.vcxproj", "{FF9FB635-086A-4A2B-ABE8-784E92868919}"
EndProject
Project("{8BC9CEB8-8B4A-11D0-8D11-00A0C91BC942}") = "nkr_test_optional", "nkr_tests\optional\optional.vcxproj", "{CC663AF1-0B5B-4303-9590-60E84BBDC74B}"
EndProject
Project("{8BC9CEB8-8B4A-11D0-8D11-00A0C91BC942}") = "nkr_test_boolean", "nkr_tests\boolean\boolean.vcxproj", "{B3AE8AFA-5F9D-48DE-AAB9-71C39FF77FC6}"
EndProject
Project("{8BC9CEB8-8B4A-11D0-8D11-00A0C91BC942}") = "nkr_test_none", "nkr_tests\none\none.vcxproj", "{B8E05F25-9503-43EF-9AF2-3CEAFD457710}"
EndProject
Project("{8BC9CEB8-8B4A-11D0-8D11-00A0C91BC942}") = "nkr_test_positive", "nkr_tests\positive\positive.vcxproj", "{DAA5C87D-B3C9-4B40-ACD9-1774389A51FB}"
EndProject
Project("{8BC9CEB8-8B4A-11D0-8D11-00A0C91BC942}") = "nkr_test_generic", "nkr_tests\generic\generic.vcxproj", "{CF0E8D70-D79B-411C-9551-8BA5E9D91D43}"
EndProject
Project("{8BC9CEB8-8B4A-11D0-8D11-00A0C91BC942}") = "nkr_test_interface", "nkr_tests\interface\interface.vcxproj", "{F207CAB7-EB71-4B82-9069-6650A31238B8}"
EndProject
Project("{8BC9CEB8-8B4A-11D0-8D11-00A0C91BC942}") = "nkr_test_macros", "nkr_tests\macros\macros.vcxproj", "{2543FC13-01F3-4809-A00F-C2C423F98024}"
EndProject
Project("{8BC9CEB8-8B4A-11D0-8D11-00A0C91BC942}") = "nkr_test_cpp", "nkr_tests\cpp\cpp.vcxproj", "{B56C6006-2D84-4E55-BFC7-93EF7D93C24D}"
EndProject
Project("{8BC9CEB8-8B4A-11D0-8D11-00A0C91BC942}") = "nkr_test_randomness", "nkr_tests\randomness\randomness.vcxproj", "{879662DE-729C-478A-B1AF-78E05FDA795A}"
EndProject
Project("{8BC9CEB8-8B4A-11D0-8D11-00A0C91BC942}") = "nkr_test_concurrency", "nkr_tests\concurrency\concurrency.vcxproj", "{061F0292-4B34-4409-BC06-15C1833F49DE}"
EndProject
Project("{8BC9CEB8-8B4A-11D0-8D11-00A0C91BC942}") = "nkr_test_tuple", "nkr_tests\tuple\tuple.vcxproj", "{8C861E70-E4DC-4C28-8523-E3BDE24CF7F4}"
EndProject
Project("{8BC9CEB8-8B4A-11D0-8D11-00A0C91BC942}") = "nkr_test_tr", "nkr_tests\tr\tr.vcxproj", "{B56629D5-69BF-425E-A7E6-8CB70ABA4C76}"
EndProject
Project("{8BC9CEB8-8B4A-11D0-8D11-00A0C91BC942}") = "nkr_test_constant", "nkr_tests\constant\constant.vcxproj", "{3E379580-21F0-4187-A38F-2F3325092EBB}"
EndProject
Project("{8BC9CEB8-8B4A-11D0-8D11-00A0C91BC942}") = "nkr_test_negatable", "nkr_tests\negatable\negatable.vcxproj", "{D6C74D01-B166-4DEF-A474-7E25C4FEF990}"
EndProject
Project("{8BC9CEB8-8B4A-11D0-8D11-00A0C91BC942}") = "nkr_test_pointer", "nkr_tests\pointer\pointer.vcxproj", "{3D8A25AC-E1A2-40A7-8B4F-0621989A449A}"
EndProject
Project("{8BC9CEB8-8B4A-11D0-8D11-00A0C91BC942}") = "nkr_test_docs", "nkr_tests\docs\docs.vcxproj", "{B0EC8394-6657-4016-BFEB-97D9914F5865}"
EndProject
Project("{2150E333-8FDC-42A3-9474-1A3956D46DE8}") = "Solution Items", "Solution Items", "{346A6396-2ADA-45BC-BB6D-BAFBA0E0BCAF}"
	ProjectSection(SolutionItems) = preProject
		CMakeLists.txt = CMakeLists.txt
	EndProjectSection
EndProject
Global
	GlobalSection(SolutionConfigurationPlatforms) = preSolution
		Debug|x64 = Debug|x64
		Debug|x86 = Debug|x86
		Release|x64 = Release|x64
		Release|x86 = Release|x86
	EndGlobalSection
	GlobalSection(ProjectConfigurationPlatforms) = postSolution
		{260DD159-A788-4BBB-9690-628AA81AAA9C}.Debug|x64.ActiveCfg = Debug|x64
		{260DD159-A788-4BBB-9690-628AA81AAA9C}.Debug|x64.Build.0 = Debug|x64
		{260DD159-A788-4BBB-9690-628AA81AAA9C}.Debug|x86.ActiveCfg = Debug|Win32
		{260DD159-A788-4BBB-9690-628AA81AAA9C}.Debug|x86.Build.0 = Debug|Win32
		{260DD159-A788-4BBB-9690-628AA81AAA9C}.Release|x64.ActiveCfg = Release|x64
		{260DD159-A788-4BBB-9690-628AA81AAA9C}.Release|x64.Build.0 = Release|x64
		{260DD159-A788-4BBB-9690-628AA81AAA9C}.Release|x86.ActiveCfg = Release|Win32
		{260DD159-A788-4BBB-9690-628AA81AAA9C}.Release|x86.Build.0 = Release|Win32
		{8C1DDCAD-1148-45E7-B63E-D1225AD747AD}.Debug|x64.ActiveCfg = Debug|x64
		{8C1DDCAD-1148-45E7-B63E-D1225AD747AD}.Debug|x64.Build.0 = Debug|x64
		{8C1DDCAD-1148-45E7-B63E-D1225AD747AD}.Debug|x86.ActiveCfg = Debug|Win32
		{8C1DDCAD-1148-45E7-B63E-D1225AD747AD}.Debug|x86.Build.0 = Debug|Win32
		{8C1DDCAD-1148-45E7-B63E-D1225AD747AD}.Release|x64.ActiveCfg = Release|x64
		{8C1DDCAD-1148-45E7-B63E-D1225AD747AD}.Release|x64.Build.0 = Release|x64
		{8C1DDCAD-1148-45E7-B63E-D1225AD747AD}.Release|x86.ActiveCfg = Release|Win32
		{8C1DDCAD-1148-45E7-B63E-D1225AD747AD}.Release|x86.Build.0 = Release|Win32
		{3F9C5C4A-F435-474A-86E0-E4ED124643C1}.Debug|x64.ActiveCfg = Debug|x64
		{3F9C5C4A-F435-474A-86E0-E4ED124643C1}.Debug|x64.Build.0 = Debug|x64
		{3F9C5C4A-F435-474A-86E0-E4ED124643C1}.Debug|x86.ActiveCfg = Debug|Win32
		{3F9C5C4A-F435-474A-86E0-E4ED124643C1}.Debug|x86.Build.0 = Debug|Win32
		{3F9C5C4A-F435-474A-86E0-E4ED124643C1}.Release|x64.ActiveCfg = Release|x64
		{3F9C5C4A-F435-474A-86E0-E4ED124643C1}.Release|x64.Build.0 = Release|x64
		{3F9C5C4A-F435-474A-86E0-E4ED124643C1}.Release|x86.ActiveCfg = Release|Win32
		{3F9C5C4A-F435-474A-86E0-E4ED124643C1}.Release|x86.Build.0 = Release|Win32
		{75BE08F0-0FE6-46D1-B906-817D43D2EA69}.Debug|x64.ActiveCfg = Debug|x64
		{75BE08F0-0FE6-46D1-B906-817D43D2EA69}.Debug|x64.Build.0 = Debug|x64
		{75BE08F0-0FE6-46D1-B906-817D43D2EA69}.Debug|x86.ActiveCfg = Debug|Win32
		{75BE08F0-0FE6-46D1-B906-817D43D2EA69}.Debug|x86.Build.0 = Debug|Win32
		{75BE08F0-0FE6-46D1-B906-817D43D2EA69}.Release|x64.ActiveCfg = Release|x64
		{75BE08F0-0FE6-46D1-B906-817D43D2EA69}.Release|x64.Build.0 = Release|x64
		{75BE08F0-0FE6-46D1-B906-817D43D2EA69}.Release|x86.ActiveCfg = Release|Win32
		{75BE08F0-0FE6-46D1-B906-817D43D2EA69}.Release|x86.Build.0 = Release|Win32
		{0307C110-E23D-4778-B682-785687144AC0}.Debug|x64.ActiveCfg = Debug|x64
		{0307C110-E23D-4778-B682-785687144AC0}.Debug|x64.Build.0 = Debug|x64
		{0307C110-E23D-4778-B682-785687144AC0}.Debug|x86.ActiveCfg = Debug|Win32
		{0307C110-E23D-4778-B682-785687144AC0}.Debug|x86.Build.0 = Debug|Win32
		{0307C110-E23D-4778-B682-785687144AC0}.Release|x64.ActiveCfg = Release|x64
		{0307C110-E23D-4778-B682-785687144AC0}.Release|x64.Build.0 = Release|x64
		{0307C110-E23D-4778-B682-785687144AC0}.Release|x86.ActiveCfg = Release|Win32
		{0307C110-E23D-4778-B682-785687144AC0}.Release|x86.Build.0 = Release|Win32
		{6E93A0B2-0DD3-47CA-9464-690A9C084D10}.Debug|x64.ActiveCfg = Debug|x64
		{6E93A0B2-0DD3-47CA-9464-690A9C084D10}.Debug|x64.Build.0 = Debug|x64
		{6E93A0B2-0DD3-47CA-9464-690A9C084D10}.Debug|x86.ActiveCfg = Debug|Win32
		{6E93A0B2-0DD3-47CA-9464-690A9C084D10}.Debug|x86.Build.0 = Debug|Win32
		{6E93A0B2-0DD3-47CA-9464-690A9C084D10}.Release|x64.ActiveCfg = Release|x64
		{6E93A0B2-0DD3-47CA-9464-690A9C084D10}.Release|x64.Build.0 = Release|x64
		{6E93A0B2-0DD3-47CA-9464-690A9C084D10}.Release|x86.ActiveCfg = Release|Win32
		{6E93A0B2-0DD3-47CA-9464-690A9C084D10}.Release|x86.Build.0 = Release|Win32
		{5624F252-7F9D-475E-886D-28FDAC1E8FD2}.Debug|x64.ActiveCfg = Debug|x64
		{5624F252-7F9D-475E-886D-28FDAC1E8FD2}.Debug|x64.Build.0 = Debug|x64
		{5624F252-7F9D-475E-886D-28FDAC1E8FD2}.Debug|x86.ActiveCfg = Debug|Win32
		{5624F252-7F9D-475E-886D-28FDAC1E8FD2}.Debug|x86.Build.0 = Debug|Win32
		{5624F252-7F9D-475E-886D-28FDAC1E8FD2}.Release|x64.ActiveCfg = Release|x64
		{5624F252-7F9D-475E-886D-28FDAC1E8FD2}.Release|x64.Build.0 = Release|x64
		{5624F252-7F9D-475E-886D-28FDAC1E8FD2}.Release|x86.ActiveCfg = Release|Win32
		{5624F252-7F9D-475E-886D-28FDAC1E8FD2}.Release|x86.Build.0 = Release|Win32
		{B314D870-C562-4EDB-AAFF-D52A3E2EC22A}.Debug|x64.ActiveCfg = Debug|x64
		{B314D870-C562-4EDB-AAFF-D52A3E2EC22A}.Debug|x64.Build.0 = Debug|x64
		{B314D870-C562-4EDB-AAFF-D52A3E2EC22A}.Debug|x86.ActiveCfg = Debug|Win32
		{B314D870-C562-4EDB-AAFF-D52A3E2EC22A}.Debug|x86.Build.0 = Debug|Win32
		{B314D870-C562-4EDB-AAFF-D52A3E2EC22A}.Release|x64.ActiveCfg = Release|x64
		{B314D870-C562-4EDB-AAFF-D52A3E2EC22A}.Release|x64.Build.0 = Release|x64
		{B314D870-C562-4EDB-AAFF-D52A3E2EC22A}.Release|x86.ActiveCfg = Release|Win32
		{B314D870-C562-4EDB-AAFF-D52A3E2EC22A}.Release|x86.Build.0 = Release|Win32
		{ACC09BB6-FB5C-4F0E-8708-BD5E74A76F3F}.Debug|x64.ActiveCfg = Debug|x64
		{ACC09BB6-FB5C-4F0E-8708-BD5E74A76F3F}.Debug|x64.Build.0 = Debug|x64
		{ACC09BB6-FB5C-4F0E-8708-BD5E74A76F3F}.Debug|x86.ActiveCfg = Debug|Win32
		{ACC09BB6-FB5C-4F0E-8708-BD5E74A76F3F}.Debug|x86.Build.0 = Debug|Win32
		{ACC09BB6-FB5C-4F0E-8708-BD5E74A76F3F}.Release|x64.ActiveCfg = Release|x64
		{ACC09BB6-FB5C-4F0E-8708-BD5E74A76F3F}.Release|x64.Build.0 = Release|x64
		{ACC09BB6-FB5C-4F0E-8708-BD5E74A76F3F}.Release|x86.ActiveCfg = Release|Win32
		{ACC09BB6-FB5C-4F0E-8708-BD5E74A76F3F}.Release|x86.Build.0 = Release|Win32
		{52EA0215-F27F-482E-B6C7-262A8DFED009}.Debug|x64.ActiveCfg = Debug|x64
		{52EA0215-F27F-482E-B6C7-262A8DFED009}.Debug|x64.Build.0 = Debug|x64
		{52EA0215-F27F-482E-B6C7-262A8DFED009}.Debug|x86.ActiveCfg = Debug|Win32
		{52EA0215-F27F-482E-B6C7-262A8DFED009}.Debug|x86.Build.0 = Debug|Win32
		{52EA0215-F27F-482E-B6C7-262A8DFED009}.Release|x64.ActiveCfg = Release|x64
		{52EA0215-F27F-482E-B6C7-262A8DFED009}.Release|x64.Build.0 = Release|x64
		{52EA0215-F27F-482E-B6C7-262A8DFED009}.Release|x86.ActiveCfg = Release|Win32
		{52EA0215-F27F-482E-B6C7-262A8DFED009}.Release|x86.Build.0 = Release|Win32
		{C7E8D611-B08B-4FFC-BF57-3717A70E42D9}.Debug|x64.ActiveCfg = Debug|x64
		{C7E8D611-B08B-4FFC-BF57-3717A70E42D9}.Debug|x64.Build.0 = Debug|x64
		{C7E8D611-B08B-4FFC-BF57-3717A70E42D9}.Debug|x86.ActiveCfg = Debug|Win32
		{C7E8D611-B08B-4FFC-BF57-3717A70E42D9}.Debug|x86.Build.0 = Debug|Win32
		{C7E8D611-B08B-4FFC-BF57-3717A70E42D9}.Release|x64.ActiveCfg = Release|x64
		{C7E8D611-B08B-4FFC-BF57-3717A70E42D9}.Release|x64.Build.0 = Release|x64
		{C7E8D611-B08B-4FFC-BF57-3717A70E42D9}.Release|x86.ActiveCfg = Release|Win32
		{C7E8D611-B08B-4FFC-BF57-3717A70E42D9}.Release|x86.Build.0 = Release|Win32
		{03FF86BF-07B3-43DA-9BDC-934B8590FA8B}.Debug|x64.ActiveCfg = Debug|x64
		{03FF86BF-07B3-43DA-9BDC-934B8590FA8B}.Debug|x64.Build.0 = Debug|x64
		{03FF86BF-07B3-43DA-9BDC-934B8590FA8B}.Debug|x86.ActiveCfg = Debug|Win32
		{03FF86BF-07B3-43DA-9BDC-934B8590FA8B}.Debug|x86.Build.0 = Debug|Win32
		{03FF86BF-07B3-43DA-9BDC-934B8590FA8B}.Release|x64.ActiveCfg = Release|x64
		{03FF86BF-07B3-43DA-9BDC-934B8590FA8B}.Release|x64.Build.0 = Release|x64
		{03FF86BF-07B3-43DA-9BDC-934B8590FA8B}.Release|x86.ActiveCfg = Release|Win32
		{03FF86BF-07B3-43DA-9BDC-934B8590FA8B}.Release|x86.Build.0 = Release|Win32
		{2FFBE437-87B2-4F0E-96AA-0E32725B18DE}.Debug|x64.ActiveCfg = Debug|x64
		{2FFBE437-87B2-4F0E-96AA-0E32725B18DE}.Debug|x64.Build.0 = Debug|x64
		{2FFBE437-87B2-4F0E-96AA-0E32725B18DE}.Debug|x86.ActiveCfg = Debug|Win32
		{2FFBE437-87B2-4F0E-96AA-0E32725B18DE}.Debug|x86.Build.0 = Debug|Win32
		{2FFBE437-87B2-4F0E-96AA-0E32725B18DE}.Release|x64.ActiveCfg = Release|x64
		{2FFBE437-87B2-4F0E-96AA-0E32725B18DE}.Release|x64.Build.0 = Release|x64
		{2FFBE437-87B2-4F0E-96AA-0E32725B18DE}.Release|x86.ActiveCfg = Release|Win32
		{2FFBE437-87B2-4F0E-96AA-0E32725B18DE}.Release|x86.Build.0 = Release|Win32
		{8140498B-F835-43C2-A76F-D0993FBC94BC}.Debug|x64.ActiveCfg = Debug|x64
		{8140498B-F835-43C2-A76F-D0993FBC94BC}.Debug|x64.Build.0 = Debug|x64
		{8140498B-F835-43C2-A76F-D0993FBC94BC}.Debug|x86.ActiveCfg = Debug|Win32
		{8140498B-F835-43C2-A76F-D0993FBC94BC}.Debug|x86.Build.0 = Debug|Win32
		{8140498B-F835-43C2-A76F-D0993FBC94BC}.Release|x64.ActiveCfg = Release|x64
		{8140498B-F835-43C2-A76F-D0993FBC94BC}.Release|x64.Build.0 = Release|x64
		{8140498B-F835-43C2-A76F-D0993FBC94BC}.Release|x86.ActiveCfg = Release|Win32
		{8140498B-F835-43C2-A76F-D0993FBC94BC}.Release|x86.Build.0 = Release|Win32
		{8DFBE336-348E-472E-9CE5-5303B199116F}.Debug|x64.ActiveCfg = Debug|x64
		{8DFBE336-348E-472E-9CE5-5303B199116F}.Debug|x64.Build.0 = Debug|x64
		{8DFBE336-348E-472E-9CE5-5303B199116F}.Debug|x86.ActiveCfg = Debug|Win32
		{8DFBE336-348E-472E-9CE5-5303B199116F}.Debug|x86.Build.0 = Debug|Win32
		{8DFBE336-348E-472E-9CE5-5303B199116F}.Release|x64.ActiveCfg = Release|x64
		{8DFBE336-348E-472E-9CE5-5303B199116F}.Release|x64.Build.0 = Release|x64
		{8DFBE336-348E-472E-9CE5-5303B199116F}.Release|x86.ActiveCfg = Release|Win32
		{8DFBE336-348E-472E-9CE5-5303B199116F}.Release|x86.Build.0 = Release|Win32
		{F52472CC-2927-453B-9408-278575334525}.Debug|x64.ActiveCfg = Debug|x64
		{F52472CC-2927-453B-9408-278575334525}.Debug|x64.Build.0 = Debug|x64
		{F52472CC-2927-453B-9408-278575334525}.Debug|x86.ActiveCfg = Debug|Win32
		{F52472CC-2927-453B-9408-278575334525}.Debug|x86.Build.0 = Debug|Win32
		{F52472CC-2927-453B-9408-278575334525}.Release|x64.ActiveCfg = Release|x64
		{F52472CC-2927-453B-9408-278575334525}.Release|x64.Build.0 = Release|x64
		{F52472CC-2927-453B-9408-278575334525}.Release|x86.ActiveCfg = Release|Win32
		{F52472CC-2927-453B-9408-278575334525}.Release|x86.Build.0 = Release|Win32
		{FF9FB635-086A-4A2B-ABE8-784E92868919}.Debug|x64.ActiveCfg = Debug|x64
		{FF9FB635-086A-4A2B-ABE8-784E92868919}.Debug|x64.Build.0 = Debug|x64
		{FF9FB635-086A-4A2B-ABE8-784E92868919}.Debug|x86.ActiveCfg = Debug|Win32
		{FF9FB635-086A-4A2B-ABE8-784E92868919}.Debug|x86.Build.0 = Debug|Win32
		{FF9FB635-086A-4A2B-ABE8-784E92868919}.Release|x64.ActiveCfg = Release|x64
		{FF9FB635-086A-4A2B-ABE8-784E92868919}.Release|x64.Build.0 = Release|x64
		{FF9FB635-086A-4A2B-ABE8-784E92868919}.Release|x86.ActiveCfg = Release|Win32
		{FF9FB635-086A-4A2B-ABE8-784E92868919}.Release|x86.Build.0 = Release|Win32
		{CC663AF1-0B5B-4303-9590-60E84BBDC74B}.Debug|x64.ActiveCfg = Debug|x64
		{CC663AF1-0B5B-4303-9590-60E84BBDC74B}.Debug|x64.Build.0 = Debug|x64
		{CC663AF1-0B5B-4303-9590-60E84BBDC74B}.Debug|x86.ActiveCfg = Debug|Win32
		{CC663AF1-0B5B-4303-9590-60E84BBDC74B}.Debug|x86.Build.0 = Debug|Win32
		{CC663AF1-0B5B-4303-9590-60E84BBDC74B}.Release|x64.ActiveCfg = Release|x64
		{CC663AF1-0B5B-4303-9590-60E84BBDC74B}.Release|x64.Build.0 = Release|x64
		{CC663AF1-0B5B-4303-9590-60E84BBDC74B}.Release|x86.ActiveCfg = Release|Win32
		{CC663AF1-0B5B-4303-9590-60E84BBDC74B}.Release|x86.Build.0 = Release|Win32
		{B3AE8AFA-5F9D-48DE-AAB9-71C39FF77FC6}.Debug|x64.ActiveCfg = Debug|x64
		{B3AE8AFA-5F9D-48DE-AAB9-71C39FF77FC6}.Debug|x64.Build.0 = Debug|x64
		{B3AE8AFA-5F9D-48DE-AAB9-71C39FF77FC6}.Debug|x86.ActiveCfg = Debug|Win32
		{B3AE8AFA-5F9D-48DE-AAB9-71C39FF77FC6}.Debug|x86.Build.0 = Debug|Win32
		{B3AE8AFA-5F9D-48DE-AAB9-71C39FF77FC6}.Release|x64.ActiveCfg = Release|x64
		{B3AE8AFA-5F9D-48DE-AAB9-71C39FF77FC6}.Release|x64.Build.0 = Release|x64
		{B3AE8AFA-5F9D-48DE-AAB9-71C39FF77FC6}.Release|x86.ActiveCfg = Release|Win32
		{B3AE8AFA-5F9D-48DE-AAB9-71C39FF77FC6}.Release|x86.Build.0 = Release|Win32
		{B8E05F25-9503-43EF-9AF2-3CEAFD457710}.Debug|x64.ActiveCfg = Debug|x64
		{B8E05F25-9503-43EF-9AF2-3CEAFD457710}.Debug|x64.Build.0 = Debug|x64
		{B8E05F25-9503-43EF-9AF2-3CEAFD457710}.Debug|x86.ActiveCfg = Debug|Win32
		{B8E05F25-9503-43EF-9AF2-3CEAFD457710}.Debug|x86.Build.0 = Debug|Win32
		{B8E05F25-9503-43EF-9AF2-3CEAFD457710}.Release|x64.ActiveCfg = Release|x64
		{B8E05F25-9503-43EF-9AF2-3CEAFD457710}.Release|x64.Build.0 = Release|x64
		{B8E05F25-9503-43EF-9AF2-3CEAFD457710}.Release|x86.ActiveCfg = Release|Win32
		{B8E05F25-9503-43EF-9AF2-3CEAFD457710}.Release|x86.Build.0 = Release|Win32
		{DAA5C87D-B3C9-4B40-ACD9-1774389A51FB}.Debug|x64.ActiveCfg = Debug|x64
		{DAA5C87D-B3C9-4B40-ACD9-1774389A51FB}.Debug|x64.Build.0 = Debug|x64
		{DAA5C87D-B3C9-4B40-ACD9-1774389A51FB}.Debug|x86.ActiveCfg = Debug|Win32
		{DAA5C87D-B3C9-4B40-ACD9-1774389A51FB}.Debug|x86.Build.0 = Debug|Win32
		{DAA5C87D-B3C9-4B40-ACD9-1774389A51FB}.Release|x64.ActiveCfg = Release|x64
		{DAA5C87D-B3C9-4B40-ACD9-1774389A51FB}.Release|x64.Build.0 = Release|x64
		{DAA5C87D-B3C9-4B40-ACD9-1774389A51FB}.Release|x86.ActiveCfg = Release|Win32
		{DAA5C87D-B3C9-4B40-ACD9-1774389A51FB}.Release|x86.Build.0 = Release|Win32
		{CF0E8D70-D79B-411C-9551-8BA5E9D91D43}.Debug|x64.ActiveCfg = Debug|x64
		{CF0E8D70-D79B-411C-9551-8BA5E9D91D43}.Debug|x64.Build.0 = Debug|x64
		{CF0E8D70-D79B-411C-9551-8BA5E9D91D43}.Debug|x86.ActiveCfg = Debug|Win32
		{CF0E8D70-D79B-411C-9551-8BA5E9D91D43}.Debug|x86.Build.0 = Debug|Win32
		{CF0E8D70-D79B-411C-9551-8BA5E9D91D43}.Release|x64.ActiveCfg = Release|x64
		{CF0E8D70-D79B-411C-9551-8BA5E9D91D43}.Release|x64.Build.0 = Release|x64
		{CF0E8D70-D79B-411C-9551-8BA5E9D91D43}.Release|x86.ActiveCfg = Release|Win32
		{CF0E8D70-D79B-411C-9551-8BA5E9D91D43}.Release|x86.Build.0 = Release|Win32
		{F207CAB7-EB71-4B82-9069-6650A31238B8}.Debug|x64.ActiveCfg = Debug|x64
		{F207CAB7-EB71-4B82-9069-6650A31238B8}.Debug|x64.Build.0 = Debug|x64
		{F207CAB7-EB71-4B82-9069-6650A31238B8}.Debug|x86.ActiveCfg = Debug|Win32
		{F207CAB7-EB71-4B82-9069-6650A31238B8}.Debug|x86.Build.0 = Debug|Win32
		{F207CAB7-EB71-4B82-9069-6650A31238B8}.Release|x64.ActiveCfg = Release|x64
		{F207CAB7-EB71-4B82-9069-6650A31238B8}.Release|x64.Build.0 = Release|x64
		{F207CAB7-EB71-4B82-9069-6650A31238B8}.Release|x86.ActiveCfg = Release|Win32
		{F207CAB7-EB71-4B82-9069-6650A31238B8}.Release|x86.Build.0 = Release|Win32
		{2543FC13-01F3-4809-A00F-C2C423F98024}.Debug|x64.ActiveCfg = Debug|x64
		{2543FC13-01F3-4809-A00F-C2C423F98024}.Debug|x64.Build.0 = Debug|x64
		{2543FC13-01F3-4809-A00F-C2C423F98024}.Debug|x86.ActiveCfg = Debug|Win32
		{2543FC13-01F3-4809-A00F-C2C423F98024}.Debug|x86.Build.0 = Debug|Win32
		{2543FC13-01F3-4809-A00F-C2C423F98024}.Release|x64.ActiveCfg = Release|x64
		{2543FC13-01F3-4809-A00F-C2C423F98024}.Release|x64.Build.0 = Release|x64
		{2543FC13-01F3-4809-A00F-C2C423F98024}.Release|x86.ActiveCfg = Release|Win32
		{2543FC13-01F3-4809-A00F-C2C423F98024}.Release|x86.Build.0 = Release|Win32
		{B56C6006-2D84-4E55-BFC7-93EF7D93C24D}.Debug|x64.ActiveCfg = Debug|x64
		{B56C6006-2D84-4E55-BFC7-93EF7D93C24D}.Debug|x64.Build.0 = Debug|x64
		{B56C6006-2D84-4E55-BFC7-93EF7D93C24D}.Debug|x86.ActiveCfg = Debug|Win32
		{B56C6006-2D84-4E55-BFC7-93EF7D93C24D}.Debug|x86.Build.0 = Debug|Win32
		{B56C6006-2D84-4E55-BFC7-93EF7D93C24D}.Release|x64.ActiveCfg = Release|x64
		{B56C6006-2D84-4E55-BFC7-93EF7D93C24D}.Release|x64.Build.0 = Release|x64
		{B56C6006-2D84-4E55-BFC7-93EF7D93C24D}.Release|x86.ActiveCfg = Release|Win32
		{B56C6006-2D84-4E55-BFC7-93EF7D93C24D}.Release|x86.Build.0 = Release|Win32
		{879662DE-729C-478A-B1AF-78E05FDA795A}.Debug|x64.ActiveCfg = Debug|x64
		{879662DE-729C-478A-B1AF-78E05FDA795A}.Debug|x64.Build.0 = Debug|x64
		{879662DE-729C-478A-B1AF-78E05FDA795A}.Debug|x86.ActiveCfg = Debug|Win32
		{879662DE-729C-478A-B1AF-78E05FDA795A}.Debug|x86.Build.0 = Debug|Win32
		{879662DE-729C-478A-B1AF-78E05FDA795A}.Release|x64.ActiveCfg = Release|x64
		{879662DE-729C-478A-B1AF-78E05FDA795A}.Release|x64.Build.0 = Release|x64
		{879662DE-729C-478A-B1AF-78E05FDA795A}.Release|x86.ActiveCfg = Release|Win32
		{879662DE-729C-478A-B1AF-78E05FDA795A}.Release|x86.Build.0 = Release|Win32
		{061F0292-4B34-4409-BC06-15C1833F49DE}.Debug|x64.ActiveCfg = Debug|x64
		{061F0292-4B34-4409-BC06-15C1833F49DE}.Debug|x64.Build.0 = Debug|x64
		{061F0292-4B34-4409-BC06-15C1833F49DE}.Debug|x86.ActiveCfg = Debug|Win32
		{061F0292-4B34-4409-BC06-15C1833F49DE}.Debug|x86.Build.0 = Debug|Win32
		{061F0292-4B34-4409-BC06-15C1833F49DE}.Release|x64.ActiveCfg = Release|x64
		{061F0292-4B34-4409-BC06-15C1833F49DE}.Release|x64.Build.0 = Release|x64
		{061F0292-4B34-4409-BC06-15C1833F49DE}.Release|x86.ActiveCfg = Release|Win32
		{061F0292-4B34-4409-BC06-15C1833F49DE}.Release|x86.Build.0 = Release|Win32
		{8C861E70-E4DC-4C28-8523-E3BDE24CF7F4}.Debug|x64.ActiveCfg = Debug|x64
		{8C861E70-E4DC-4C28-8523-E3BDE24CF7F4}.Debug|x64.Build.0 = Debug|x64
		{8C861E70-E4DC-4C28-8523-E3BDE24CF7F4}.Debug|x86.ActiveCfg = Debug|Win32
		{8C861E70-E4DC-4C28-8523-E3BDE24CF7F4}.Debug|x86.Build.0 = Debug|Win32
		{8C861E70-E4DC-4C28-8523-E3BDE24CF7F4}.Release|x64.ActiveCfg = Release|x64
		{8C861E70-E4DC-4C28-8523-E3BDE24CF7F4}.Release|x64.Build.0 = Release|x64
		{8C861E70-E4DC-4C28-8523-E3BDE24CF7F4}.Release|x86.ActiveCfg = Release|Win32
		{8C861E70-E4DC-4C28-8523-E3BDE24CF7F4}.Release|x86.Build.0 = Release|Win32
		{B56629D5-69BF-425E-A7E6-8CB70ABA4C76}.Debug|x64.ActiveCfg = Debug|x64
		{B56629D5-69BF-425E-A7E6-8CB70ABA4C76}.Debug|x64.Build.0 = Debug|x64
		{B56629D5-69BF-425E-A7E6-8CB70ABA4C76}.Debug|x86.ActiveCfg = Debug|Win32
		{B56629D5-69BF-425E-A7E6-8CB70ABA4C76}.Debug|x86.Build.0 = Debug|Win32
		{B56629D5-69BF-425E-A7E6-8CB70ABA4C76}.Release|x64.ActiveCfg = Release|x64
		{B56629D5-69BF-425E-A7E6-8CB70ABA4C76}.Release|x64.Build.0 = Release|x64
		{B56629D5-69BF-425E-A7E6-8CB70ABA4C76}.Release|x86.ActiveCfg = Release|Win32
		{B56629D5-69BF-425E-A7E6-8CB70ABA4C76}.Release|x86.Build.0 = Release|Win32
		{3E379580-21F0-4187-A38F-2F3325092EBB}.Debug|x64.ActiveCfg = Debug|x64
		{3E379580-21F0-4187-A38F-2F3325092EBB}.Debug|x64.Build.0 = Debug|x64
		{3E379580-21F0-4187-A38F-2F3325092EBB}.Debug|x86.ActiveCfg = Debug|Win32
		{3E379580-21F0-4187-A38F-2F3325092EBB}.Debug|x86.Build.0 = Debug|Win32
		{3E379580-21F0-4187-A38F-2F3325092EBB}.Release|x64.ActiveCfg = Release|x64
		{3E379580-21F0-4187-A38F-2F3325092EBB}.Release|x64.Build.0 = Release|x64
		{3E379580-21F0-4187-A38F-2F3325092EBB}.Release|x86.ActiveCfg = Release|Win32
		{3E379580-21F0-4187-A38F-2F3325092EBB}.Release|x86.Build.0 = Release|Win32
		{D6C74D01-B166-4DEF-A474-7E25C4FEF990}.Debug|x64.ActiveCfg = Debug|x64
		{D6C74D01-B166-4DEF-A474-7E25C4FEF990}.Debug|x64.Build.0 = Debug|x64
		{D6C74D01-B166-4DEF-A474-7E25C4FEF990}.Debug|x86.ActiveCfg = Debug|Win32
		{D6C74D01-B166-4DEF-A474-7E25C4FEF990}.Debug|x86.Build.0 = Debug|Win32
		{D6C74D01-B166-4DEF-A474-7E25C4FEF990}.Release|x64.ActiveCfg = Release|x64
		{D6C74D01-B166-4DEF-A474-7E25C4FEF990}.Release|x64.Build.0 = Release|x64
		{D6C74D01-B166-4DEF-A474-7E25C4FEF990}.Release|x86.ActiveCfg = Release|Win32
		{D6C74D01-B166-4DEF-A474-7E25C4FEF990}.Release|x86.Build.0 = Release|Win32
		{3D8A25AC-E1A2-40A7-8B4F-0621989A449A}.Debug|x64.ActiveCfg = Debug|x64
		{3D8A25AC-E1A2-40A7-8B4F-0621989A449A}.Debug|x64.Build.0 = Debug|x64
		{3D8A25AC-E1A2-40A7-8B4F-0621989A449A}.Debug|x86.ActiveCfg = Debug|Win32
		{3D8A25AC-E1A2-40A7-8B4F-0621989A449A}.Debug|x86.Build.0 = Debug|Win32
		{3D8A25AC-E1A2-40A7-8B4F-0621989A449A}.Release|x64.ActiveCfg = Release|x64
		{3D8A25AC-E1A2-40A7-8B4F-0621989A449A}.Release|x64.Build.0 = Release|x64
		{3D8A25AC-E1A2-40A7-8B4F-0621989A449A}.Release|x86.ActiveCfg = Release|Win32
		{3D8A25AC-E1A2-40A7-8B4F-0621989A449A}.Release|x86.Build.0 = Release|Win32
		{B0EC8394-6657-4016-BFEB-97D9914F5865}.Debug|x64.ActiveCfg = Debug|x64
		{B0EC8394-6657-4016-BFEB-97D9914F5865}.Debug|x64.Build.0 = Debug|x64
		{B0EC8394-6657-4016-BFEB-97D9914F5865}.Debug|x86.ActiveCfg = Debug|Win32
		{B0EC8394-6657-4016-BFEB-97D9914F5865}.Debug|x86.Build.0 = Debug|Win32
		{B0EC8394-6657-4016-BFEB-97D9914F5865}.Release|x64.ActiveCfg = Release|x64
		{B0EC8394-6657-4016-BFEB-97D9914F5865}.Release|x64.Build.0 = Release|x64
		{B0EC8394-6657-4016-BFEB-97D9914F5865}.Release|x86.ActiveCfg = Release|Win32
		{B0EC8394-6657-4016-BFEB-97D9914F5865}.Release|x86.Build.0 = Release|Win32
	EndGlobalSection
	GlobalSection(SolutionProperties) = preSolution
		HideSolutionNode = FALSE
	EndGlobalSection
	GlobalSection(ExtensibilityGlobals) = postSolution
		SolutionGuid = {949B214F-A587-4F24-B19C-E28762D263B0}
	EndGlobalSection
EndGlobal
