<?xml version="1.0" encoding="utf-8"?>
<Project ToolsVersion="4.0" xmlns="http://schemas.microsoft.com/developer/msbuild/2003">
  <ItemGroup>
    <Filter Include="Source Files">
      <UniqueIdentifier>{4FC737F1-C7A5-4376-A066-2A32D752A2FF}</UniqueIdentifier>
      <Extensions>cpp;c;cc;cxx;c++;cppm;ixx;def;odl;idl;hpj;bat;asm;asmx</Extensions>
    </Filter>
    <Filter Include="Header Files">
      <UniqueIdentifier>{93995380-89BD-4b04-88EB-625FBE52EBFB}</UniqueIdentifier>
      <Extensions>h;hh;hpp;hxx;h++;hm;inl;inc;ipp;xsd</Extensions>
    </Filter>
    <Filter Include="Resource Files">
      <UniqueIdentifier>{67DA6AB6-F800-4c08-8B7A-83BB121AAD01}</UniqueIdentifier>
      <Extensions>rc;ico;cur;bmp;dlg;rc2;rct;bin;rgs;gif;jpg;jpeg;jpe;resx;tiff;tif;png;wav;mfcribbon-ms</Extensions>
    </Filter>
  </ItemGroup>
  <ItemGroup>
    <ClInclude Include="include\nkr\maybe_t.h">
      <Filter>Header Files</Filter>
    </ClInclude>
    <ClInclude Include="include\nkr\string\dynamic_t_dec.h">
      <Filter>Header Files</Filter>
    </ClInclude>
    <ClInclude Include="include\nkr\intrinsics_dec.h">
      <Filter>Header Files</Filter>
    </ClInclude>
    <ClInclude Include="include\nkr\string\static_t_dec.h">
      <Filter>Header Files</Filter>
    </ClInclude>
    <ClInclude Include="include\nkr\charcoder\utf_8_t_dec.h">
      <Filter>Header Files</Filter>
    </ClInclude>
    <ClInclude Include="include\nkr\charcoder_i.h">
      <Filter>Header Files</Filter>
    </ClInclude>
    <ClInclude Include="include\nkr\charcoder\utf_8_t_def.h">
      <Filter>Header Files</Filter>
    </ClInclude>
    <ClInclude Include="include\nkr\array\dynamic_t_dec.h">
      <Filter>Header Files</Filter>
    </ClInclude>
    <ClInclude Include="include\nkr\traits.h">
      <Filter>Header Files</Filter>
    </ClInclude>
    <ClInclude Include="include\nkr\allocator_i.h">
      <Filter>Header Files</Filter>
    </ClInclude>
    <ClInclude Include="include\nkr\allocator\heap_t_dec.h">
      <Filter>Header Files</Filter>
    </ClInclude>
    <ClInclude Include="include\nkr\os_dec.h">
      <Filter>Header Files</Filter>
    </ClInclude>
    <ClInclude Include="include\nkr\atomic_t_dec.h">
      <Filter>Header Files</Filter>
    </ClInclude>
    <ClInclude Include="include\nkr\docs\intrinsic.dox">
      <Filter>Header Files</Filter>
    </ClInclude>
    <ClInclude Include="include\nkr\docs\intrinsic.h">
      <Filter>Header Files</Filter>
    </ClInclude>
    <ClInclude Include="include\nkr\docs\f6f68334-a834-4809-8bd6-6eac9025135c.h">
      <Filter>Header Files</Filter>
    </ClInclude>
    <ClInclude Include="include\nkr\macros_dec.h">
      <Filter>Header Files</Filter>
    </ClInclude>
    <ClInclude Include="include\nkr\bool_t_dec.h">
      <Filter>Header Files</Filter>
    </ClInclude>
    <ClInclude Include="include\nkr\none_t_dec.h">
      <Filter>Header Files</Filter>
    </ClInclude>
    <ClInclude Include="include\nkr\none_i.h">
      <Filter>Header Files</Filter>
    </ClInclude>
    <ClInclude Include="include\nkr\some_t_dec.h">
      <Filter>Header Files</Filter>
    </ClInclude>
    <ClInclude Include="include\nkr\fors.h">
      <Filter>Header Files</Filter>
    </ClInclude>
    <ClInclude Include="include\nkr\number\signed_positive_t_dec.h">
      <Filter>Header Files</Filter>
    </ClInclude>
    <ClInclude Include="include\nkr\number\signed_negative_t_dec.h">
      <Filter>Header Files</Filter>
    </ClInclude>
    <ClInclude Include="include\nkr\charcoder\utf_16_t_dec.h">
      <Filter>Header Files</Filter>
    </ClInclude>
    <ClInclude Include="include\nkr\charcoder\utf_32_t_dec.h">
      <Filter>Header Files</Filter>
    </ClInclude>
    <ClInclude Include="include\nkr\charcoder\ascii_t_dec.h">
      <Filter>Header Files</Filter>
    </ClInclude>
    <ClInclude Include="include\nkr\pointer_t.h">
      <Filter>Header Files</Filter>
    </ClInclude>
    <ClInclude Include="include\nkr\allocator\heap_zeros_t.h">
      <Filter>Header Files</Filter>
    </ClInclude>
    <ClInclude Include="include\nkr\allocator\heap_t.h">
      <Filter>Header Files</Filter>
    </ClInclude>
    <ClInclude Include="include\nkr\allocator\heap_zeros_t_dec.h">
      <Filter>Header Files</Filter>
    </ClInclude>
    <ClInclude Include="include\nkr\allocator\heap_zeros_t_def.h">
      <Filter>Header Files</Filter>
    </ClInclude>
    <ClInclude Include="include\nkr\math_dec.h">
      <Filter>Header Files</Filter>
    </ClInclude>
    <ClInclude Include="include\nkr\array\dynamic_t.h">
      <Filter>Header Files</Filter>
    </ClInclude>
    <ClInclude Include="include\nkr\math_def.h">
      <Filter>Header Files</Filter>
    </ClInclude>
    <ClInclude Include="include\nkr\math.h">
      <Filter>Header Files</Filter>
    </ClInclude>
    <ClInclude Include="include\nkr\array_i.h">
      <Filter>Header Files</Filter>
    </ClInclude>
    <ClInclude Include="include\nkr\array\dynamic_t_dox.h">
      <Filter>Header Files</Filter>
    </ClInclude>
    <ClInclude Include="include\nkr\array\stack_t.h">
      <Filter>Header Files</Filter>
    </ClInclude>
    <ClInclude Include="include\nkr\array\stack_t_dec.h">
      <Filter>Header Files</Filter>
    </ClInclude>
    <ClInclude Include="include\nkr\array\stack_t_def.h">
      <Filter>Header Files</Filter>
    </ClInclude>
    <ClInclude Include="include\nkr\utils.h">
      <Filter>Header Files</Filter>
    </ClInclude>
    <ClInclude Include="include\nkr\utils_dec.h">
      <Filter>Header Files</Filter>
    </ClInclude>
    <ClInclude Include="include\nkr\utils_def.h">
      <Filter>Header Files</Filter>
    </ClInclude>
    <ClInclude Include="include\nkr\maybe_t_dec.h">
      <Filter>Header Files</Filter>
    </ClInclude>
    <ClInclude Include="include\nkr\atomic_t.h">
      <Filter>Header Files</Filter>
    </ClInclude>
    <ClInclude Include="include\nkr\maybe_i.h">
      <Filter>Header Files</Filter>
    </ClInclude>
    <ClInclude Include="include\nkr\some_i.h">
      <Filter>Header Files</Filter>
    </ClInclude>
    <ClInclude Include="include\nkr\none_t_def.h">
      <Filter>Header Files</Filter>
    </ClInclude>
    <ClInclude Include="include\nkr\none_t.h">
      <Filter>Header Files</Filter>
    </ClInclude>
    <ClInclude Include="include\nkr\some_t.h">
      <Filter>Header Files</Filter>
    </ClInclude>
    <ClInclude Include="include\nkr\enumeration\types_t.h">
      <Filter>Header Files</Filter>
    </ClInclude>
    <ClInclude Include="include\nkr\enumeration\flags_t.h">
      <Filter>Header Files</Filter>
    </ClInclude>
    <ClInclude Include="include\nkr\enumeration\flags_t_dec.h">
      <Filter>Header Files</Filter>
    </ClInclude>
    <ClInclude Include="include\nkr\enumeration\flags_t_def.h">
      <Filter>Header Files</Filter>
    </ClInclude>
    <ClInclude Include="include\nkr\enumeration\types_t_dec.h">
      <Filter>Header Files</Filter>
    </ClInclude>
    <ClInclude Include="include\nkr\enumeration\types_t_def.h">
      <Filter>Header Files</Filter>
    </ClInclude>
    <ClInclude Include="include\nkr\enumeration\types_t_dox.h">
      <Filter>Header Files</Filter>
    </ClInclude>
    <ClInclude Include="include\nkr\enumeration\flags_t_dox.h">
      <Filter>Header Files</Filter>
    </ClInclude>
    <ClInclude Include="include\nkr\array\stack_t_dox.h">
      <Filter>Header Files</Filter>
    </ClInclude>
    <ClInclude Include="include\nkr\array\instant_t.h">
      <Filter>Header Files</Filter>
    </ClInclude>
    <ClInclude Include="include\nkr\array\instant_t_dec.h">
      <Filter>Header Files</Filter>
    </ClInclude>
    <ClInclude Include="include\nkr\array\instant_t_def.h">
      <Filter>Header Files</Filter>
    </ClInclude>
    <ClInclude Include="include\nkr\charcoder\ascii_t.h">
      <Filter>Header Files</Filter>
    </ClInclude>
    <ClInclude Include="include\nkr\charcoder\utf_8_t.h">
      <Filter>Header Files</Filter>
    </ClInclude>
    <ClInclude Include="include\nkr\charcoder\utf_16_t.h">
      <Filter>Header Files</Filter>
    </ClInclude>
    <ClInclude Include="include\nkr\charcoder\utf_32_t.h">
      <Filter>Header Files</Filter>
    </ClInclude>
    <ClInclude Include="include\nkr\array\instant_t_dox.h">
      <Filter>Header Files</Filter>
    </ClInclude>
    <ClInclude Include="include\nkr\allocator\heap_t_dox.h">
      <Filter>Header Files</Filter>
    </ClInclude>
    <ClInclude Include="include\nkr\allocator\heap_zeros_t_dox.h">
      <Filter>Header Files</Filter>
    </ClInclude>
    <ClInclude Include="include\nkr\charcoder\ascii_t_dox.h">
      <Filter>Header Files</Filter>
    </ClInclude>
    <ClInclude Include="include\nkr\charcoder\utf_8_t_dox.h">
      <Filter>Header Files</Filter>
    </ClInclude>
    <ClInclude Include="include\nkr\charcoder\utf_16_t_dox.h">
      <Filter>Header Files</Filter>
    </ClInclude>
    <ClInclude Include="include\nkr\charcoder\utf_32_t_dox.h">
      <Filter>Header Files</Filter>
    </ClInclude>
    <ClInclude Include="include\nkr\bool_t.h">
      <Filter>Header Files</Filter>
    </ClInclude>
    <ClInclude Include="include\nkr\math_dox.h">
      <Filter>Header Files</Filter>
    </ClInclude>
    <ClInclude Include="include\nkr\os.h">
      <Filter>Header Files</Filter>
    </ClInclude>
    <ClInclude Include="include\nkr\utils_dox.h">
      <Filter>Header Files</Filter>
    </ClInclude>
    <ClInclude Include="include\nkr\intrinsics.h">
      <Filter>Header Files</Filter>
    </ClInclude>
    <ClInclude Include="include\nkr\macros.h">
      <Filter>Header Files</Filter>
    </ClInclude>
    <ClInclude Include="include\nkr\fors_dox.h">
      <Filter>Header Files</Filter>
    </ClInclude>
    <ClInclude Include="include\nkr\allocator_i_dox.h">
      <Filter>Header Files</Filter>
    </ClInclude>
    <ClInclude Include="include\nkr\array_i_dox.h">
      <Filter>Header Files</Filter>
    </ClInclude>
    <ClInclude Include="include\nkr\charcoder_i_dox.h">
      <Filter>Header Files</Filter>
    </ClInclude>
    <ClInclude Include="include\nkr\maybe_i_dox.h">
      <Filter>Header Files</Filter>
    </ClInclude>
    <ClInclude Include="include\nkr\some_i_dox.h">
      <Filter>Header Files</Filter>
    </ClInclude>
    <ClInclude Include="include\nkr\number\signed_negative_t.h">
      <Filter>Header Files</Filter>
    </ClInclude>
    <ClInclude Include="include\nkr\number\signed_negative_t_dox.h">
      <Filter>Header Files</Filter>
    </ClInclude>
    <ClInclude Include="include\nkr\number\signed_positive_t.h">
      <Filter>Header Files</Filter>
    </ClInclude>
    <ClInclude Include="include\nkr\number\signed_positive_t_dox.h">
      <Filter>Header Files</Filter>
    </ClInclude>
    <ClInclude Include="include\nkr\string\dynamic_t.h">
      <Filter>Header Files</Filter>
    </ClInclude>
    <ClInclude Include="include\nkr\string\static_t.h">
      <Filter>Header Files</Filter>
    </ClInclude>
    <ClInclude Include="include\nkr\string\dynamic_t_dox.h">
      <Filter>Header Files</Filter>
    </ClInclude>
    <ClInclude Include="include\nkr\string\static_t_dox.h">
      <Filter>Header Files</Filter>
    </ClInclude>
    <ClInclude Include="include\nkr\enumeration\errors_t.h">
      <Filter>Header Files</Filter>
    </ClInclude>
    <ClInclude Include="include\nkr\enumeration\errors_t_dec.h">
      <Filter>Header Files</Filter>
    </ClInclude>
    <ClInclude Include="include\nkr\enumeration\errors_t_def.h">
      <Filter>Header Files</Filter>
    </ClInclude>
    <ClInclude Include="include\nkr\enumeration\errors_t_dox.h">
      <Filter>Header Files</Filter>
    </ClInclude>
    <ClInclude Include="include\nkr\allocator_err.h">
      <Filter>Header Files</Filter>
    </ClInclude>
    <ClInclude Include="include\nkr\allocator_err_dox.h">
      <Filter>Header Files</Filter>
    </ClInclude>
    <ClInclude Include="include\nkr\string_i.h">
      <Filter>Header Files</Filter>
    </ClInclude>
    <ClInclude Include="include\nkr\string_i_dox.h">
      <Filter>Header Files</Filter>
    </ClInclude>
    <ClInclude Include="include\nkr\string_itr.h">
      <Filter>Header Files</Filter>
    </ClInclude>
    <ClInclude Include="include\nkr\string_itr_dec.h">
      <Filter>Header Files</Filter>
    </ClInclude>
    <ClInclude Include="include\nkr\string_itr_def.h">
      <Filter>Header Files</Filter>
    </ClInclude>
    <ClInclude Include="include\nkr\string_itr_dox.h">
      <Filter>Header Files</Filter>
    </ClInclude>
    <ClInclude Include="include\nkr\string\stack_t.h">
      <Filter>Header Files</Filter>
    </ClInclude>
    <ClInclude Include="include\nkr\string\stack_t_def.h">
      <Filter>Header Files</Filter>
    </ClInclude>
    <ClInclude Include="include\nkr\string\stack_t_dec.h">
      <Filter>Header Files</Filter>
    </ClInclude>
    <ClInclude Include="include\nkr\string\stack_t_dox.h">
      <Filter>Header Files</Filter>
    </ClInclude>
    <ClInclude Include="include\nkr\optional_t.h">
      <Filter>Header Files</Filter>
    </ClInclude>
    <ClInclude Include="include\nkr\optional_t_dec.h">
      <Filter>Header Files</Filter>
    </ClInclude>
    <ClInclude Include="include\nkr\optional_t_def.h">
      <Filter>Header Files</Filter>
    </ClInclude>
    <ClInclude Include="include\nkr\optional_t_dox.h">
      <Filter>Header Files</Filter>
    </ClInclude>
    <ClInclude Include="include\nkr\regex_t.h">
      <Filter>Header Files</Filter>
    </ClInclude>
    <ClInclude Include="include\nkr\regex_t_def.h">
      <Filter>Header Files</Filter>
    </ClInclude>
    <ClInclude Include="include\nkr\regex_t_dec.h">
      <Filter>Header Files</Filter>
    </ClInclude>
    <ClInclude Include="include\nkr\regex_t_dox.h">
      <Filter>Header Files</Filter>
    </ClInclude>
    <ClInclude Include="include\nkr\array\static_t.h">
      <Filter>Header Files</Filter>
    </ClInclude>
    <ClInclude Include="include\nkr\array\static_t_dec.h">
      <Filter>Header Files</Filter>
    </ClInclude>
    <ClInclude Include="include\nkr\array\static_t_def.h">
      <Filter>Header Files</Filter>
    </ClInclude>
    <ClInclude Include="include\nkr\array\static_t_dox.h">
      <Filter>Header Files</Filter>
    </ClInclude>
    <ClInclude Include="include\nkr\hasher\fnv1a_t.h">
      <Filter>Header Files</Filter>
    </ClInclude>
    <ClInclude Include="include\nkr\hasher\fnv1a_t_dec.h">
      <Filter>Header Files</Filter>
    </ClInclude>
    <ClInclude Include="include\nkr\hasher\fnv1a_t_def.h">
      <Filter>Header Files</Filter>
    </ClInclude>
    <ClInclude Include="include\nkr\hasher\fnv1a_t_dox.h">
      <Filter>Header Files</Filter>
    </ClInclude>
    <ClInclude Include="include\nkr\hasher_i.h">
      <Filter>Header Files</Filter>
    </ClInclude>
    <ClInclude Include="include\nkr\hasher_i_dox.h">
      <Filter>Header Files</Filter>
    </ClInclude>
    <ClInclude Include="include\nkr\number\arbitrary_t.h">
      <Filter>Header Files</Filter>
    </ClInclude>
    <ClInclude Include="include\nkr\number\arbitrary_t_dec.h">
      <Filter>Header Files</Filter>
    </ClInclude>
    <ClInclude Include="include\nkr\number\arbitrary_t_def.h">
      <Filter>Header Files</Filter>
    </ClInclude>
    <ClInclude Include="include\nkr\number\arbitrary_t_dox.h">
      <Filter>Header Files</Filter>
    </ClInclude>
    <ClInclude Include="include\nkr\array\high_pad_t.h">
      <Filter>Header Files</Filter>
    </ClInclude>
    <ClInclude Include="include\nkr\array\high_pad_t_dec.h">
      <Filter>Header Files</Filter>
    </ClInclude>
    <ClInclude Include="include\nkr\array\high_pad_t_def.h">
      <Filter>Header Files</Filter>
    </ClInclude>
    <ClInclude Include="include\nkr\array\high_pad_t_dox.h">
      <Filter>Header Files</Filter>
    </ClInclude>
    <ClInclude Include="include\nkr\tree\binary_search_t.h">
      <Filter>Header Files</Filter>
    </ClInclude>
    <ClInclude Include="include\nkr\tree\binary_search_t_dec.h">
      <Filter>Header Files</Filter>
    </ClInclude>
    <ClInclude Include="include\nkr\tree\binary_search_t_def.h">
      <Filter>Header Files</Filter>
    </ClInclude>
    <ClInclude Include="include\nkr\tree\binary_search_t_dox.h">
      <Filter>Header Files</Filter>
    </ClInclude>
  </ItemGroup>
  <ItemGroup>
    <None Include="include\nkr\string\static_t_def.h">
      <Filter>Header Files</Filter>
    </None>
    <None Include="include\nkr\string\dynamic_t_def.h">
      <Filter>Header Files</Filter>
    </None>
    <None Include="include\nkr\array\dynamic_t_def.h">
      <Filter>Header Files</Filter>
    </None>
    <None Include="include\nkr\pointer_t_def.h">
      <Filter>Header Files</Filter>
    </None>
    <None Include="include\nkr\allocator\heap_t_def.h">
      <Filter>Header Files</Filter>
    </None>
    <None Include="include\nkr\os_def.h">
      <Filter>Header Files</Filter>
    </None>
    <None Include="include\nkr\atomic_t_def.h">
      <Filter>Header Files</Filter>
    </None>
    <None Include="include\nkr\docs\nkr_INITIALIZE_STATIC_SAFELY.dox" />
    <None Include="docs\os.dox" />
    <None Include="include\nkr\os_dox.h" />
    <None Include="include\nkr\intrinsics_dox.h" />
    <None Include="include\nkr\macros_def.h">
      <Filter>Header Files</Filter>
    </None>
    <None Include="include\nkr\macros_dox.h" />
    <None Include="include\nkr\intrinsics_def.h">
      <Filter>Header Files</Filter>
    </None>
    <None Include="include\nkr\traits_dox.h" />
    <None Include="include\nkr\atomic_t_dox.h" />
    <None Include="include\nkr\maybe_t_def.h">
      <Filter>Header Files</Filter>
    </None>
    <None Include="include\nkr\maybe_t_dox.h" />
    <None Include="include\nkr\bool_t_def.h">
      <Filter>Header Files</Filter>
    </None>
    <None Include="include\nkr\none_t_dox.h" />
    <None Include="include\nkr\none_i_dox.h" />
    <None Include="include\nkr\some_t_dox.h" />
    <None Include="include\nkr\some_t_def.h">
      <Filter>Header Files</Filter>
    </None>
    <None Include="include\nkr\bool_t_dox.h" />
    <None Include="include\nkr\number\signed_positive_t_def.h">
      <Filter>Header Files</Filter>
    </None>
    <None Include="include\nkr\number\signed_negative_t_def.h">
      <Filter>Header Files</Filter>
    </None>
    <None Include="include\nkr\charcoder\utf_16_t_def.h">
      <Filter>Header Files</Filter>
    </None>
    <None Include="include\nkr\charcoder\utf_32_t_def.h">
      <Filter>Header Files</Filter>
    </None>
    <None Include="include\nkr\charcoder\ascii_t_def.h">
      <Filter>Header Files</Filter>
    </None>
    <None Include="include\nkr\pointer_t_dec.h" />
    <None Include="include\nkr\pointer_t_dox.h" />
  </ItemGroup>
  <ItemGroup>
    <ClCompile Include="src\pointer_t.cpp">
      <Filter>Source Files</Filter>
    </ClCompile>
    <ClCompile Include="src\allocator_heap_t.cpp">
      <Filter>Source Files</Filter>
    </ClCompile>
    <ClCompile Include="src\allocator_heap_zeros_t.cpp">
      <Filter>Source Files</Filter>
    </ClCompile>
    <ClCompile Include="src\utils.cpp">
      <Filter>Source Files</Filter>
    </ClCompile>
  </ItemGroup>
</Project>